
Microsoft Visual Studio Solution File, Format Version 12.00
# Visual Studio 15
VisualStudioVersion = 15.0.27004.2002
MinimumVisualStudioVersion = 10.0.40219.1
Project("{2150E333-8FDC-42A3-9474-1A3956D46DE8}") = "Core", "Core", "{0CE6E242-E5E3-4E21-8DD7-7EFD362CA793}"
EndProject
Project("{9A19103F-16F7-4668-BE54-9A1E7A4F7556}") = "Gruggbot.Core", "Core\Gruggbot.Core\Gruggbot.Core.csproj", "{2C1E617E-88B6-431D-8E7F-27F0EB0F7895}"
EndProject
Project("{2150E333-8FDC-42A3-9474-1A3956D46DE8}") = "Execute", "Execute", "{7815C074-34C8-441A-B5F9-3C2718569F8E}"
EndProject
Project("{2150E333-8FDC-42A3-9474-1A3956D46DE8}") = "Console Test", "Console Test", "{C67AE97E-8311-42D6-8D75-9C660F0830CA}"
EndProject
Project("{9A19103F-16F7-4668-BE54-9A1E7A4F7556}") = "ConsoleTest", "Execute\Console Test\ConsoleTest\ConsoleTest.csproj", "{32F3DDF2-799B-457D-8436-22D3080C9999}"
EndProject
Global
	GlobalSection(SolutionConfigurationPlatforms) = preSolution
		Debug|Any CPU = Debug|Any CPU
		Release|Any CPU = Release|Any CPU
	EndGlobalSection
	GlobalSection(ProjectConfigurationPlatforms) = postSolution
		{2C1E617E-88B6-431D-8E7F-27F0EB0F7895}.Debug|Any CPU.ActiveCfg = Debug|Any CPU
		{2C1E617E-88B6-431D-8E7F-27F0EB0F7895}.Debug|Any CPU.Build.0 = Debug|Any CPU
		{2C1E617E-88B6-431D-8E7F-27F0EB0F7895}.Release|Any CPU.ActiveCfg = Release|Any CPU
		{2C1E617E-88B6-431D-8E7F-27F0EB0F7895}.Release|Any CPU.Build.0 = Release|Any CPU
		{32F3DDF2-799B-457D-8436-22D3080C9999}.Debug|Any CPU.ActiveCfg = Debug|Any CPU
		{32F3DDF2-799B-457D-8436-22D3080C9999}.Debug|Any CPU.Build.0 = Debug|Any CPU
		{32F3DDF2-799B-457D-8436-22D3080C9999}.Release|Any CPU.ActiveCfg = Release|Any CPU
		{32F3DDF2-799B-457D-8436-22D3080C9999}.Release|Any CPU.Build.0 = Release|Any CPU
	EndGlobalSection
	GlobalSection(SolutionProperties) = preSolution
		HideSolutionNode = FALSE
	EndGlobalSection
	GlobalSection(NestedProjects) = preSolution
		{2C1E617E-88B6-431D-8E7F-27F0EB0F7895} = {0CE6E242-E5E3-4E21-8DD7-7EFD362CA793}
		{C67AE97E-8311-42D6-8D75-9C660F0830CA} = {7815C074-34C8-441A-B5F9-3C2718569F8E}
		{32F3DDF2-799B-457D-8436-22D3080C9999} = {C67AE97E-8311-42D6-8D75-9C660F0830CA}
	EndGlobalSection
	GlobalSection(ExtensibilityGlobals) = postSolution
		SolutionGuid = {06ACA313-00D1-4FF9-9FDB-E2020F275C73}
	EndGlobalSection
EndGlobal
