
Microsoft Visual Studio Solution File, Format Version 12.00
# Visual Studio Version 16
VisualStudioVersion = 16.0.30517.126
MinimumVisualStudioVersion = 10.0.40219.1
Project("{2150E333-8FDC-42A3-9474-1A3956D46DE8}") = "Core", "Core", "{0CE6E242-E5E3-4E21-8DD7-7EFD362CA793}"
EndProject
Project("{9A19103F-16F7-4668-BE54-9A1E7A4F7556}") = "Gruggbot.Core", "Core\Gruggbot.Core\Gruggbot.Core.csproj", "{2C1E617E-88B6-431D-8E7F-27F0EB0F7895}"
EndProject
Project("{2150E333-8FDC-42A3-9474-1A3956D46DE8}") = "Execute", "Execute", "{7815C074-34C8-441A-B5F9-3C2718569F8E}"
EndProject
Project("{9A19103F-16F7-4668-BE54-9A1E7A4F7556}") = "GruggbotBootstrapper", "Execute\GruggbotBootstrapper\GruggbotBootstrapper.csproj", "{E4386F0E-63CE-4D9B-BC95-A8BACA15FF9B}"
EndProject
Project("{2150E333-8FDC-42A3-9474-1A3956D46DE8}") = "Solution Items", "Solution Items", "{3B01A46D-B4D2-45FF-B94C-F330ACD307CC}"
	ProjectSection(SolutionItems) = preProject
		.editorconfig = .editorconfig
		stylecop.json = stylecop.json
	EndProjectSection
EndProject
Project("{E53339B2-1760-4266-BCC7-CA923CBCF16C}") = "docker-compose", "docker-compose.dcproj", "{BAEFC944-9905-4C48-8020-AE35CF64EF1B}"
EndProject
Project("{2150E333-8FDC-42A3-9474-1A3956D46DE8}") = "Data", "Data", "{8A6AFD66-7869-42C5-8629-C00F744CDFF7}"
EndProject
Project("{9A19103F-16F7-4668-BE54-9A1E7A4F7556}") = "Gruggbot.DomainModel", "Data\Gruggbot.DomainModel\Gruggbot.DomainModel.csproj", "{D8996467-7EB5-4C12-8F19-3345F307D0F8}"
EndProject
Project("{9A19103F-16F7-4668-BE54-9A1E7A4F7556}") = "Gruggbot.Data", "Data\Gruggbot.Data\Gruggbot.Data.csproj", "{9C344F63-9CE3-456F-9FE8-B4287C1E1BC4}"
EndProject
Project("{9A19103F-16F7-4668-BE54-9A1E7A4F7556}") = "Gruggbot.Application", "Application\Gruggbot.Application\Gruggbot.Application.csproj", "{ADDABE10-C97E-49D4-9364-97DE26A0590B}"
EndProject
Project("{2150E333-8FDC-42A3-9474-1A3956D46DE8}") = "Application", "Application", "{9C009505-CB32-4D7C-9922-AAC324FD58C5}"
EndProject
Project("{2150E333-8FDC-42A3-9474-1A3956D46DE8}") = "Tests", "Tests", "{F6FFC61B-3580-42C9-94D9-05FD776B3202}"
EndProject
Project("{9A19103F-16F7-4668-BE54-9A1E7A4F7556}") = "Gruggbot.Application.Tests", "Application\Tests\Gruggbot.Application.Tests\Gruggbot.Application.Tests.csproj", "{0C966C5A-1303-4247-8018-47001B401CE1}"
EndProject
Global
	GlobalSection(SolutionConfigurationPlatforms) = preSolution
		Debug|Any CPU = Debug|Any CPU
		Release|Any CPU = Release|Any CPU
	EndGlobalSection
	GlobalSection(ProjectConfigurationPlatforms) = postSolution
		{2C1E617E-88B6-431D-8E7F-27F0EB0F7895}.Debug|Any CPU.ActiveCfg = Debug|Any CPU
		{2C1E617E-88B6-431D-8E7F-27F0EB0F7895}.Debug|Any CPU.Build.0 = Debug|Any CPU
		{2C1E617E-88B6-431D-8E7F-27F0EB0F7895}.Release|Any CPU.ActiveCfg = Release|Any CPU
		{2C1E617E-88B6-431D-8E7F-27F0EB0F7895}.Release|Any CPU.Build.0 = Release|Any CPU
		{E4386F0E-63CE-4D9B-BC95-A8BACA15FF9B}.Debug|Any CPU.ActiveCfg = Debug|Any CPU
		{E4386F0E-63CE-4D9B-BC95-A8BACA15FF9B}.Debug|Any CPU.Build.0 = Debug|Any CPU
		{E4386F0E-63CE-4D9B-BC95-A8BACA15FF9B}.Release|Any CPU.ActiveCfg = Release|Any CPU
		{E4386F0E-63CE-4D9B-BC95-A8BACA15FF9B}.Release|Any CPU.Build.0 = Release|Any CPU
		{BAEFC944-9905-4C48-8020-AE35CF64EF1B}.Debug|Any CPU.ActiveCfg = Debug|Any CPU
		{BAEFC944-9905-4C48-8020-AE35CF64EF1B}.Release|Any CPU.ActiveCfg = Release|Any CPU
		{BAEFC944-9905-4C48-8020-AE35CF64EF1B}.Release|Any CPU.Build.0 = Release|Any CPU
		{D8996467-7EB5-4C12-8F19-3345F307D0F8}.Debug|Any CPU.ActiveCfg = Debug|Any CPU
		{D8996467-7EB5-4C12-8F19-3345F307D0F8}.Debug|Any CPU.Build.0 = Debug|Any CPU
		{D8996467-7EB5-4C12-8F19-3345F307D0F8}.Release|Any CPU.ActiveCfg = Release|Any CPU
		{D8996467-7EB5-4C12-8F19-3345F307D0F8}.Release|Any CPU.Build.0 = Release|Any CPU
		{9C344F63-9CE3-456F-9FE8-B4287C1E1BC4}.Debug|Any CPU.ActiveCfg = Debug|Any CPU
		{9C344F63-9CE3-456F-9FE8-B4287C1E1BC4}.Debug|Any CPU.Build.0 = Debug|Any CPU
		{9C344F63-9CE3-456F-9FE8-B4287C1E1BC4}.Release|Any CPU.ActiveCfg = Release|Any CPU
		{9C344F63-9CE3-456F-9FE8-B4287C1E1BC4}.Release|Any CPU.Build.0 = Release|Any CPU
		{ADDABE10-C97E-49D4-9364-97DE26A0590B}.Debug|Any CPU.ActiveCfg = Debug|Any CPU
		{ADDABE10-C97E-49D4-9364-97DE26A0590B}.Debug|Any CPU.Build.0 = Debug|Any CPU
		{ADDABE10-C97E-49D4-9364-97DE26A0590B}.Release|Any CPU.ActiveCfg = Release|Any CPU
		{ADDABE10-C97E-49D4-9364-97DE26A0590B}.Release|Any CPU.Build.0 = Release|Any CPU
		{0C966C5A-1303-4247-8018-47001B401CE1}.Debug|Any CPU.ActiveCfg = Debug|Any CPU
		{0C966C5A-1303-4247-8018-47001B401CE1}.Debug|Any CPU.Build.0 = Debug|Any CPU
		{0C966C5A-1303-4247-8018-47001B401CE1}.Release|Any CPU.ActiveCfg = Release|Any CPU
		{0C966C5A-1303-4247-8018-47001B401CE1}.Release|Any CPU.Build.0 = Release|Any CPU
	EndGlobalSection
	GlobalSection(SolutionProperties) = preSolution
		HideSolutionNode = FALSE
	EndGlobalSection
	GlobalSection(NestedProjects) = preSolution
		{2C1E617E-88B6-431D-8E7F-27F0EB0F7895} = {0CE6E242-E5E3-4E21-8DD7-7EFD362CA793}
		{E4386F0E-63CE-4D9B-BC95-A8BACA15FF9B} = {7815C074-34C8-441A-B5F9-3C2718569F8E}
		{D8996467-7EB5-4C12-8F19-3345F307D0F8} = {8A6AFD66-7869-42C5-8629-C00F744CDFF7}
		{9C344F63-9CE3-456F-9FE8-B4287C1E1BC4} = {8A6AFD66-7869-42C5-8629-C00F744CDFF7}
		{ADDABE10-C97E-49D4-9364-97DE26A0590B} = {9C009505-CB32-4D7C-9922-AAC324FD58C5}
		{F6FFC61B-3580-42C9-94D9-05FD776B3202} = {9C009505-CB32-4D7C-9922-AAC324FD58C5}
		{0C966C5A-1303-4247-8018-47001B401CE1} = {F6FFC61B-3580-42C9-94D9-05FD776B3202}
	EndGlobalSection
	GlobalSection(ExtensibilityGlobals) = postSolution
		SolutionGuid = {06ACA313-00D1-4FF9-9FDB-E2020F275C73}
	EndGlobalSection
EndGlobal
